
Microsoft Visual Studio Solution File, Format Version 12.00
# Visual Studio Version 17
VisualStudioVersion = 17.13.35818.85 d17.13
MinimumVisualStudioVersion = 10.0.40219.1
Project("{FAE04EC0-301F-11D3-BF4B-00C04F79EFBC}") = "MauiAppMinhasCompras", "MauiAppMinhasCompras\MauiAppMinhasCompras.csproj", "{58505E31-C833-4B3C-8A6D-C495DE88B23E}"
EndProject
Global
	GlobalSection(SolutionConfigurationPlatforms) = preSolution
		Debug|Any CPU = Debug|Any CPU
		Release|Any CPU = Release|Any CPU
	EndGlobalSection
	GlobalSection(ProjectConfigurationPlatforms) = postSolution
		{58505E31-C833-4B3C-8A6D-C495DE88B23E}.Debug|Any CPU.ActiveCfg = Debug|Any CPU
		{58505E31-C833-4B3C-8A6D-C495DE88B23E}.Debug|Any CPU.Build.0 = Debug|Any CPU
		{58505E31-C833-4B3C-8A6D-C495DE88B23E}.Release|Any CPU.ActiveCfg = Release|Any CPU
		{58505E31-C833-4B3C-8A6D-C495DE88B23E}.Release|Any CPU.Build.0 = Release|Any CPU
	EndGlobalSection
	GlobalSection(SolutionProperties) = preSolution
		HideSolutionNode = FALSE
	EndGlobalSection
	GlobalSection(ExtensibilityGlobals) = postSolution
		SolutionGuid = {308C0167-5DC7-4A0C-B56D-031DE5246A5E}
	EndGlobalSection
EndGlobal
